
Microsoft Visual Studio Solution File, Format Version 12.00
# Visual Studio Version 17
VisualStudioVersion = 17.1.32210.238
MinimumVisualStudioVersion = 10.0.40219.1
Project("{8BC9CEB8-8B4A-11D0-8D11-00A0C91BC942}") = "Aether", "Aether.vcxproj", "{53A99C0A-5B01-4B6E-9543-CBEF56E6A9A1}"
EndProject
Global
	GlobalSection(SolutionConfigurationPlatforms) = preSolution
		Debug|ARM64 = Debug|ARM64
		Debug|x64 = Debug|x64
		Debug|x86 = Debug|x86
		Profile|ARM64 = Profile|ARM64
		Profile|x64 = Profile|x64
		Profile|x86 = Profile|x86
		Release|ARM64 = Release|ARM64
		Release|x64 = Release|x64
		Release|x86 = Release|x86
	EndGlobalSection
	GlobalSection(ProjectConfigurationPlatforms) = postSolution
		{53A99C0A-5B01-4B6E-9543-CBEF56E6A9A1}.Debug|ARM64.ActiveCfg = Debug|x64
		{53A99C0A-5B01-4B6E-9543-CBEF56E6A9A1}.Debug|ARM64.Build.0 = Debug|x64
		{53A99C0A-5B01-4B6E-9543-CBEF56E6A9A1}.Debug|x64.ActiveCfg = Debug|x64
		{53A99C0A-5B01-4B6E-9543-CBEF56E6A9A1}.Debug|x64.Build.0 = Debug|x64
		{53A99C0A-5B01-4B6E-9543-CBEF56E6A9A1}.Debug|x86.ActiveCfg = Debug|Win32
		{53A99C0A-5B01-4B6E-9543-CBEF56E6A9A1}.Debug|x86.Build.0 = Debug|Win32
		{53A99C0A-5B01-4B6E-9543-CBEF56E6A9A1}.Profile|ARM64.ActiveCfg = Release|Win32
		{53A99C0A-5B01-4B6E-9543-CBEF56E6A9A1}.Profile|ARM64.Build.0 = Release|Win32
		{53A99C0A-5B01-4B6E-9543-CBEF56E6A9A1}.Profile|x64.ActiveCfg = Release|x64
		{53A99C0A-5B01-4B6E-9543-CBEF56E6A9A1}.Profile|x64.Build.0 = Release|x64
		{53A99C0A-5B01-4B6E-9543-CBEF56E6A9A1}.Profile|x86.ActiveCfg = Release|Win32
		{53A99C0A-5B01-4B6E-9543-CBEF56E6A9A1}.Profile|x86.Build.0 = Release|Win32
		{53A99C0A-5B01-4B6E-9543-CBEF56E6A9A1}.Release|ARM64.ActiveCfg = Release|x64
		{53A99C0A-5B01-4B6E-9543-CBEF56E6A9A1}.Release|ARM64.Build.0 = Release|x64
		{53A99C0A-5B01-4B6E-9543-CBEF56E6A9A1}.Release|x64.ActiveCfg = Release|x64
		{53A99C0A-5B01-4B6E-9543-CBEF56E6A9A1}.Release|x64.Build.0 = Release|x64
		{53A99C0A-5B01-4B6E-9543-CBEF56E6A9A1}.Release|x86.ActiveCfg = Release|Win32
		{53A99C0A-5B01-4B6E-9543-CBEF56E6A9A1}.Release|x86.Build.0 = Release|Win32
	EndGlobalSection
	GlobalSection(SolutionProperties) = preSolution
		HideSolutionNode = FALSE
	EndGlobalSection
	GlobalSection(ExtensibilityGlobals) = postSolution
		SolutionGuid = {62074A46-5C1B-44A9-93FA-A2B75951952B}
	EndGlobalSection
EndGlobal
